
Microsoft Visual Studio Solution File, Format Version 12.00
# Visual Studio Version 17
VisualStudioVersion = 17.5.002.0
MinimumVisualStudioVersion = 10.0.40219.1
Project("{9A19103F-16F7-4668-BE54-9A1E7A4F7556}") = "TiposOperadores", "TiposOperadores.csproj", "{CAC62D0D-9E3A-4E9D-9FD8-24A15572579F}"
EndProject
Global
	GlobalSection(SolutionConfigurationPlatforms) = preSolution
		Debug|Any CPU = Debug|Any CPU
		Release|Any CPU = Release|Any CPU
	EndGlobalSection
	GlobalSection(ProjectConfigurationPlatforms) = postSolution
		{CAC62D0D-9E3A-4E9D-9FD8-24A15572579F}.Debug|Any CPU.ActiveCfg = Debug|Any CPU
		{CAC62D0D-9E3A-4E9D-9FD8-24A15572579F}.Debug|Any CPU.Build.0 = Debug|Any CPU
		{CAC62D0D-9E3A-4E9D-9FD8-24A15572579F}.Release|Any CPU.ActiveCfg = Release|Any CPU
		{CAC62D0D-9E3A-4E9D-9FD8-24A15572579F}.Release|Any CPU.Build.0 = Release|Any CPU
	EndGlobalSection
	GlobalSection(SolutionProperties) = preSolution
		HideSolutionNode = FALSE
	EndGlobalSection
	GlobalSection(ExtensibilityGlobals) = postSolution
		SolutionGuid = {FCC04CC1-E43A-423F-8435-CF423FD7680A}
	EndGlobalSection
EndGlobal
