
Microsoft Visual Studio Solution File, Format Version 12.00
# Visual Studio Version 17
VisualStudioVersion = 17.5.002.0
MinimumVisualStudioVersion = 10.0.40219.1
Project("{9A19103F-16F7-4668-BE54-9A1E7A4F7556}") = "ExemploFundamentos", "ExemploFundamentos.csproj", "{8869E610-07B8-4AE5-98F8-73615C1BFE52}"
EndProject
Global
	GlobalSection(SolutionConfigurationPlatforms) = preSolution
		Debug|Any CPU = Debug|Any CPU
		Release|Any CPU = Release|Any CPU
	EndGlobalSection
	GlobalSection(ProjectConfigurationPlatforms) = postSolution
		{8869E610-07B8-4AE5-98F8-73615C1BFE52}.Debug|Any CPU.ActiveCfg = Debug|Any CPU
		{8869E610-07B8-4AE5-98F8-73615C1BFE52}.Debug|Any CPU.Build.0 = Debug|Any CPU
		{8869E610-07B8-4AE5-98F8-73615C1BFE52}.Release|Any CPU.ActiveCfg = Release|Any CPU
		{8869E610-07B8-4AE5-98F8-73615C1BFE52}.Release|Any CPU.Build.0 = Release|Any CPU
	EndGlobalSection
	GlobalSection(SolutionProperties) = preSolution
		HideSolutionNode = FALSE
	EndGlobalSection
	GlobalSection(ExtensibilityGlobals) = postSolution
		SolutionGuid = {FA62F4AD-B4DC-4E37-9272-B3AAAEA2B81C}
	EndGlobalSection
EndGlobal
